# THIS IS AN AUTOGENERATED FILE. DO NOT EDIT THIS FILE DIRECTLY.
# yarn lockfile v1


"@fortawesome/fontawesome-free@^5.14.0":
  version "5.15.3"
  resolved "https://registry.yarnpkg.com/@fortawesome/fontawesome-free/-/fontawesome-free-5.15.3.tgz#c36ffa64a2a239bf948541a97b6ae8d729e09a9a"
  integrity sha512-rFnSUN/QOtnOAgqFRooTA3H57JLDm0QEG/jPdk+tLQNL/eWd+Aok8g3qCI+Q1xuDPWpGW/i9JySpJVsq8Q0s9w==

bootstrap3@^3.3.5:
  version "3.3.5"
  resolved "https://registry.yarnpkg.com/bootstrap3/-/bootstrap3-3.3.5.tgz#496a4ef6c087214fa96838196d60de645e82591a"
  integrity sha1-SWpO9sCHIU+paDgZbWDeZF6CWRo=

jquery-ui-dist@^1.12.1:
  version "1.12.1"
  resolved "https://registry.yarnpkg.com/jquery-ui-dist/-/jquery-ui-dist-1.12.1.tgz#5c0815d3cc6f90ff5faaf5b268a6e23b4ca904fa"
  integrity sha1-XAgV08xvkP9fqvWyaKbiO0ypBPo=

jquery-ui@>=1.0:
  version "1.12.1"
  resolved "https://registry.yarnpkg.com/jquery-ui/-/jquery-ui-1.12.1.tgz#bcb4045c8dd0539c134bc1488cdd3e768a7a9e51"
  integrity sha1-vLQEXI3QU5wTS8FIjN0+dop6nlE=

jquery@>=1.2.6, jquery@>=1.7, jquery@^3.4.1:
  version "3.6.0"
  resolved "https://registry.yarnpkg.com/jquery/-/jquery-3.6.0.tgz#c72a09f15c1bdce142f49dbf1170bdf8adac2470"
  integrity sha512-JVzAR/AjBvVt2BmYhxRCSYysDsPcssdmTFnzyLEts9qNwmjmu4JTAMYubEfwVOSwpQ1I1sKKFcxhZCI2buerfw==

lato-font@^3.0.0:
  version "3.0.0"
  resolved "https://registry.yarnpkg.com/lato-font/-/lato-font-3.0.0.tgz#91b837e2374b668fb7331d44c894d37a2d9f8e11"
  integrity sha1-kbg34jdLZo+3Mx1EyJTTei2fjhE=

select2-bootstrap-css@^1.4.6:
  version "1.4.6"
  resolved "https://registry.yarnpkg.com/select2-bootstrap-css/-/select2-bootstrap-css-1.4.6.tgz#5cfb68246f5299ca1858e01efd788804c734997e"
  integrity sha1-XPtoJG9SmcoYWOAe/XiIBMc0mX4=

select2@^4.0.12:
  version "4.0.13"
  resolved "https://registry.yarnpkg.com/select2/-/select2-4.0.13.tgz#0dbe377df3f96167c4c1626033e924372d8ef44d"
  integrity sha512-1JeB87s6oN/TDxQQYCvS5EFoQyvV6eYMZZ0AeA4tdFDYWN3BAGZ8npr17UBFddU0lgAt3H0yjX3X6/ekOj1yjw==

symfony-collection@^2.1.30:
  version "2.1.30"
  resolved "https://registry.yarnpkg.com/symfony-collection/-/symfony-collection-2.1.30.tgz#c9b50abec1a080a6694973d91975d1acf14efb31"
  integrity sha512-IkTiqKbfDkR6kZD1Fg6JkZFErMSx8wyu/PQt87UPGkcjeDrVxMmuGviLZys0FSdCReYc6oa94uuIOZS10OBzDw==
  dependencies:
    jquery ">=1.7"
    jquery-ui ">=1.0"

tablesorter@^2.31.3:
  version "2.31.3"
  resolved "https://registry.yarnpkg.com/tablesorter/-/tablesorter-2.31.3.tgz#94c33234ba0e5d9efc5ba4e48651010a396c8b64"
  integrity sha512-ueEzeKiMajDcCWnUoT1dOeNEaS1OmPh9+8J0O2Sjp3TTijMygH74EA9QNJiNkLJqULyNU0RhbKY26UMUq9iurA==
  dependencies:
    jquery ">=1.2.6"

tinymce@^5.4.0:
  version "5.8.1"
  resolved "https://registry.yarnpkg.com/tinymce/-/tinymce-5.8.1.tgz#f6ace70e47cf6b5b0a63f52cf38e4ae04a35ba58"
  integrity sha512-1zGXdZplWQafstlC7sri0ttCgMagsiXDc9N3I8JNrPOsWAeTfq4AAJWZoxsQBYn8gYcuPu/WzMKG5SoJjxI1VA==

typeface-cormorant-garamond@^0.0.72:
  version "0.0.72"
  resolved "https://registry.yarnpkg.com/typeface-cormorant-garamond/-/typeface-cormorant-garamond-0.0.72.tgz#86e1564b87f2d89599ae27cf0b762bae95c99798"
  integrity sha512-SOImWwsy5h0Vtj8oWMY2KjEnalkA86I7c98UMXplZQ9cTKoq4kfojc/R2B55kzJGhg0uEz0GcbDtFcyQzxTOqg==
